{
  "nodes": {
    "emacs-overlay": {
      "inputs": {
        "flake-utils": "flake-utils",
        "nixpkgs": "nixpkgs"
      },
      "locked": {
        "lastModified": 1657651808,
        "narHash": "sha256-hdMZUIF87Pz96Sd+eygSamiI2Pt6a3WxBTE53qLmSOM=",
        "owner": "nix-community",
        "repo": "emacs-overlay",
        "rev": "416d7f8a7acf4ef8f8453cba03215b42c8d94429",
        "type": "github"
      },
      "original": {
        "owner": "nix-community",
        "repo": "emacs-overlay",
        "type": "github"
      }
    },
    "flake-utils": {
      "locked": {
        "lastModified": 1656928814,
        "narHash": "sha256-RIFfgBuKz6Hp89yRr7+NR5tzIAbn52h8vT6vXkYjZoM=",
        "owner": "numtide",
        "repo": "flake-utils",
        "rev": "7e2a3b3dfd9af950a856d66b0a7d01e3c18aa249",
        "type": "github"
      },
      "original": {
        "owner": "numtide",
        "repo": "flake-utils",
        "type": "github"
      }
    },
    "flake-utils_2": {
      "locked": {
        "lastModified": 1656928814,
        "narHash": "sha256-RIFfgBuKz6Hp89yRr7+NR5tzIAbn52h8vT6vXkYjZoM=",
        "owner": "numtide",
        "repo": "flake-utils",
        "rev": "7e2a3b3dfd9af950a856d66b0a7d01e3c18aa249",
        "type": "github"
      },
      "original": {
        "owner": "numtide",
        "repo": "flake-utils",
        "type": "github"
      }
    },
    "home-manager": {
      "inputs": {
        "nixpkgs": [
          "unstable"
        ],
        "utils": "utils"
      },
      "locked": {
        "lastModified": 1657653991,
        "narHash": "sha256-yHOC388wkk1x5kIqOxbC48t867oK57XBKRnx60hh7dU=",
        "owner": "nix-community",
        "repo": "home-manager",
        "rev": "c5fc157554e24a75cf4fb7a8827caa43f51df708",
        "type": "github"
      },
      "original": {
        "owner": "nix-community",
        "repo": "home-manager",
        "type": "github"
      }
    },
    "hyprland": {
      "inputs": {
        "nixpkgs": [
          "unstable"
        ],
        "wlroots": "wlroots"
      },
      "locked": {
        "lastModified": 1657645979,
        "narHash": "sha256-PY5dBWvJwwJXoel48+Kw94ie/S+QGRQCbuwn3cc78Z4=",
        "owner": "hyprwm",
        "repo": "Hyprland",
        "rev": "f9985a36b345acf3fd4f6a1ad8170a475658fb60",
        "type": "github"
      },
      "original": {
        "owner": "hyprwm",
        "repo": "Hyprland",
        "type": "github"
      }
    },
    "nixpkgs": {
      "locked": {
        "lastModified": 1657561094,
        "narHash": "sha256-iaj+xajcYArMm+o9W6whSUqGy2LZQ7BJIm1MIT5kbuM=",
        "owner": "NixOS",
        "repo": "nixpkgs",
        "rev": "49546f4413ff5a7b4c46b9c56f0ef9cc8a106449",
        "type": "github"
      },
      "original": {
        "id": "nixpkgs",
        "type": "indirect"
      }
    },
    "root": {
      "inputs": {
        "emacs-overlay": "emacs-overlay",
        "flake-utils": "flake-utils_2",
        "home-manager": "home-manager",
        "hyprland": "hyprland",
        "stable": "stable",
        "unstable": "unstable"
      }
    },
    "stable": {
      "locked": {
        "lastModified": 1657476024,
        "narHash": "sha256-4xnAf6VxE/efOwHt/MsG/g1gmpT78n/8oHqF1atzNjI=",
        "owner": "NixOS",
        "repo": "nixpkgs",
        "rev": "cf034a867e08b7e083df1658c915c58456dbbde2",
        "type": "github"
      },
      "original": {
        "owner": "NixOS",
        "ref": "nixos-22.05",
        "repo": "nixpkgs",
        "type": "github"
      }
    },
    "unstable": {
      "locked": {
        "lastModified": 1657447684,
        "narHash": "sha256-FCP9AuU1q6PE3vOeM5SFf58f/UKPBAsoSGDUGamNBbo=",
        "owner": "NixOS",
        "repo": "nixpkgs",
        "rev": "5f43d8b088d3771274bcfb69d3c7435b1121ac88",
        "type": "github"
      },
      "original": {
        "owner": "NixOS",
        "ref": "nixos-unstable",
        "repo": "nixpkgs",
        "type": "github"
      }
    },
    "utils": {
      "locked": {
        "lastModified": 1653893745,
        "narHash": "sha256-0jntwV3Z8//YwuOjzhV2sgJJPt+HY6KhU7VZUL0fKZQ=",
        "owner": "numtide",
        "repo": "flake-utils",
        "rev": "1ed9fb1935d260de5fe1c2f7ee0ebaae17ed2fa1",
        "type": "github"
      },
      "original": {
        "owner": "numtide",
        "repo": "flake-utils",
        "type": "github"
      }
    },
    "wlroots": {
      "flake": false,
      "locked": {
        "host": "gitlab.freedesktop.org",
        "lastModified": 1656865312,
        "narHash": "sha256-xtQ0zwJZwN8sciruveM10CzKz6TWxBY8SyXa8E4jly4=",
        "owner": "wlroots",
        "repo": "wlroots",
        "rev": "5dc1d4671dd2ca3c1f0f09587c463fdbb542f0a4",
        "type": "gitlab"
      },
      "original": {
        "host": "gitlab.freedesktop.org",
        "owner": "wlroots",
        "repo": "wlroots",
        "type": "gitlab"
      }
    }
  },
  "root": "root",
  "version": 7
}
